
Microsoft Visual Studio Solution File, Format Version 12.00
# Visual Studio 15
Project("{FAE04EC0-301F-11D3-BF4B-00C04F79EFBC}") = "Assembly-CSharp", "Assembly-CSharp.csproj", "{DE93FE76-474B-A5A0-545C-730FC98FD1C0}"
EndProject
Project("{FAE04EC0-301F-11D3-BF4B-00C04F79EFBC}") = "Assembly-CSharp-Editor", "Assembly-CSharp-Editor.csproj", "{8D475866-FB90-0456-D66F-2F323265CBDE}"
EndProject
Global
	GlobalSection(SolutionConfigurationPlatforms) = preSolution
		Debug|Any CPU = Debug|Any CPU
		Release|Any CPU = Release|Any CPU
	EndGlobalSection
	GlobalSection(ProjectConfigurationPlatforms) = postSolution
		{DE93FE76-474B-A5A0-545C-730FC98FD1C0}.Debug|Any CPU.ActiveCfg = Debug|Any CPU
		{DE93FE76-474B-A5A0-545C-730FC98FD1C0}.Debug|Any CPU.Build.0 = Debug|Any CPU
		{DE93FE76-474B-A5A0-545C-730FC98FD1C0}.Release|Any CPU.ActiveCfg = Release|Any CPU
		{DE93FE76-474B-A5A0-545C-730FC98FD1C0}.Release|Any CPU.Build.0 = Release|Any CPU
		{8D475866-FB90-0456-D66F-2F323265CBDE}.Debug|Any CPU.ActiveCfg = Debug|Any CPU
		{8D475866-FB90-0456-D66F-2F323265CBDE}.Debug|Any CPU.Build.0 = Debug|Any CPU
		{8D475866-FB90-0456-D66F-2F323265CBDE}.Release|Any CPU.ActiveCfg = Release|Any CPU
		{8D475866-FB90-0456-D66F-2F323265CBDE}.Release|Any CPU.Build.0 = Release|Any CPU
	EndGlobalSection
	GlobalSection(SolutionProperties) = preSolution
		HideSolutionNode = FALSE
	EndGlobalSection
EndGlobal
